// !$*UTF8*$!
{
	archiveVersion = 1;
	classes = {
	};
	objectVersion = 46;
	objects = {

/* Begin PBXBuildFile section */
		290849D3C580106F4AE03B85 /* libPods.a in Frameworks */ = {isa = PBXBuildFile; fileRef = F0513993EE333F1EB827D4A1 /* libPods.a */; };
		A7A59D701B1F7BA000887065 /* LoginViewController.m in Sources */ = {isa = PBXBuildFile; fileRef = A7A59D6F1B1F7BA000887065 /* LoginViewController.m */; };
		A7A59D731B1F7BAC00887065 /* SignUpViewController.m in Sources */ = {isa = PBXBuildFile; fileRef = A7A59D721B1F7BAC00887065 /* SignUpViewController.m */; };
		F66EF5531B1E2B3E005C972A /* main.m in Sources */ = {isa = PBXBuildFile; fileRef = F66EF5521B1E2B3E005C972A /* main.m */; };
		F66EF5561B1E2B3E005C972A /* AppDelegate.m in Sources */ = {isa = PBXBuildFile; fileRef = F66EF5551B1E2B3E005C972A /* AppDelegate.m */; };
		F66EF5591B1E2B3E005C972A /* MaPreference.xcdatamodeld in Sources */ = {isa = PBXBuildFile; fileRef = F66EF5571B1E2B3E005C972A /* MaPreference.xcdatamodeld */; };
		F66EF55F1B1E2B3E005C972A /* Main.storyboard in Resources */ = {isa = PBXBuildFile; fileRef = F66EF55D1B1E2B3E005C972A /* Main.storyboard */; };
		F66EF5611B1E2B3E005C972A /* Images.xcassets in Resources */ = {isa = PBXBuildFile; fileRef = F66EF5601B1E2B3E005C972A /* Images.xcassets */; };
		F66EF5641B1E2B3E005C972A /* LaunchScreen.xib in Resources */ = {isa = PBXBuildFile; fileRef = F66EF5621B1E2B3E005C972A /* LaunchScreen.xib */; };
		F66EF5701B1E2B3E005C972A /* MaPreferenceTests.m in Sources */ = {isa = PBXBuildFile; fileRef = F66EF56F1B1E2B3E005C972A /* MaPreferenceTests.m */; };
		F66EF5841B1E30F9005C972A /* LocationReviewCell.m in Sources */ = {isa = PBXBuildFile; fileRef = F66EF5831B1E30F9005C972A /* LocationReviewCell.m */; };
		F66EF5871B1E3118005C972A /* LocationInfoCell.m in Sources */ = {isa = PBXBuildFile; fileRef = F66EF5861B1E3118005C972A /* LocationInfoCell.m */; };
		F66EF58A1B1E3136005C972A /* PinDetailController.m in Sources */ = {isa = PBXBuildFile; fileRef = F66EF5891B1E3136005C972A /* PinDetailController.m */; };
		F66EF58F1B1EAF3B005C972A /* AddReviewController.m in Sources */ = {isa = PBXBuildFile; fileRef = F66EF58E1B1EAF3B005C972A /* AddReviewController.m */; };
		F66EF5921B1EB9F4005C972A /* DataViewController.m in Sources */ = {isa = PBXBuildFile; fileRef = F66EF5911B1EB9F4005C972A /* DataViewController.m */; };
		F66EF5951B1EBA2A005C972A /* ListViewCell.m in Sources */ = {isa = PBXBuildFile; fileRef = F66EF5941B1EBA2A005C972A /* ListViewCell.m */; };
		F66EF5981B1EBAB4005C972A /* AddLocationController.m in Sources */ = {isa = PBXBuildFile; fileRef = F66EF5971B1EBAB4005C972A /* AddLocationController.m */; };
		F66EF5A21B200561005C972A /* AddressBookUI.framework in Frameworks */ = {isa = PBXBuildFile; fileRef = F66EF5A11B200561005C972A /* AddressBookUI.framework */; };
		F66EF5A41B200566005C972A /* AddressBook.framework in Frameworks */ = {isa = PBXBuildFile; fileRef = F66EF5A31B200566005C972A /* AddressBook.framework */; };
		F66EF5A61B20056C005C972A /* MapKit.framework in Frameworks */ = {isa = PBXBuildFile; fileRef = F66EF5A51B20056C005C972A /* MapKit.framework */; };
		F66EF5A81B200574005C972A /* CoreLocation.framework in Frameworks */ = {isa = PBXBuildFile; fileRef = F66EF5A71B200574005C972A /* CoreLocation.framework */; };
		F6E917A01B225261001CC404 /* PinPFObject.m in Sources */ = {isa = PBXBuildFile; fileRef = F6E9179E1B225261001CC404 /* PinPFObject.m */; };
		F6E917A11B225261001CC404 /* Tasks.rtf in Resources */ = {isa = PBXBuildFile; fileRef = F6E9179F1B225261001CC404 /* Tasks.rtf */; };
		F6E917A91B22B1EB001CC404 /* PinReviewPFObject.m in Sources */ = {isa = PBXBuildFile; fileRef = F6E917A81B22B1EB001CC404 /* PinReviewPFObject.m */; };
		F6E917AF1B242B74001CC404 /* PinAnnotation.m in Sources */ = {isa = PBXBuildFile; fileRef = F6E917AE1B242B74001CC404 /* PinAnnotation.m */; };
/* End PBXBuildFile section */

/* Begin PBXContainerItemProxy section */
		F66EF56A1B1E2B3E005C972A /* PBXContainerItemProxy */ = {
			isa = PBXContainerItemProxy;
			containerPortal = F66EF5451B1E2B3E005C972A /* Project object */;
			proxyType = 1;
			remoteGlobalIDString = F66EF54C1B1E2B3E005C972A;
			remoteInfo = MaPreference;
		};
/* End PBXContainerItemProxy section */

/* Begin PBXFileReference section */
		77C7D46DFAD296BDE503B808 /* Pods.debug.xcconfig */ = {isa = PBXFileReference; includeInIndex = 1; lastKnownFileType = text.xcconfig; name = Pods.debug.xcconfig; path = "Pods/Target Support Files/Pods/Pods.debug.xcconfig"; sourceTree = "<group>"; };
		90D1C1D9D98C3FE50CB020C2 /* Pods.release.xcconfig */ = {isa = PBXFileReference; includeInIndex = 1; lastKnownFileType = text.xcconfig; name = Pods.release.xcconfig; path = "Pods/Target Support Files/Pods/Pods.release.xcconfig"; sourceTree = "<group>"; };
		A7A59D6E1B1F7BA000887065 /* LoginViewController.h */ = {isa = PBXFileReference; fileEncoding = 4; lastKnownFileType = sourcecode.c.h; path = LoginViewController.h; sourceTree = "<group>"; };
		A7A59D6F1B1F7BA000887065 /* LoginViewController.m */ = {isa = PBXFileReference; fileEncoding = 4; lastKnownFileType = sourcecode.c.objc; path = LoginViewController.m; sourceTree = "<group>"; };
		A7A59D711B1F7BAC00887065 /* SignUpViewController.h */ = {isa = PBXFileReference; fileEncoding = 4; lastKnownFileType = sourcecode.c.h; path = SignUpViewController.h; sourceTree = "<group>"; };
		A7A59D721B1F7BAC00887065 /* SignUpViewController.m */ = {isa = PBXFileReference; fileEncoding = 4; lastKnownFileType = sourcecode.c.objc; path = SignUpViewController.m; sourceTree = "<group>"; };
		F0513993EE333F1EB827D4A1 /* libPods.a */ = {isa = PBXFileReference; explicitFileType = archive.ar; includeInIndex = 0; path = libPods.a; sourceTree = BUILT_PRODUCTS_DIR; };
		F66EF54D1B1E2B3E005C972A /* MaPreference.app */ = {isa = PBXFileReference; explicitFileType = wrapper.application; includeInIndex = 0; path = MaPreference.app; sourceTree = BUILT_PRODUCTS_DIR; };
		F66EF5511B1E2B3E005C972A /* Info.plist */ = {isa = PBXFileReference; lastKnownFileType = text.plist.xml; path = Info.plist; sourceTree = "<group>"; };
		F66EF5521B1E2B3E005C972A /* main.m */ = {isa = PBXFileReference; lastKnownFileType = sourcecode.c.objc; path = main.m; sourceTree = "<group>"; };
		F66EF5541B1E2B3E005C972A /* AppDelegate.h */ = {isa = PBXFileReference; lastKnownFileType = sourcecode.c.h; path = AppDelegate.h; sourceTree = "<group>"; };
		F66EF5551B1E2B3E005C972A /* AppDelegate.m */ = {isa = PBXFileReference; lastKnownFileType = sourcecode.c.objc; path = AppDelegate.m; sourceTree = "<group>"; };
		F66EF5581B1E2B3E005C972A /* MaPreference.xcdatamodel */ = {isa = PBXFileReference; lastKnownFileType = wrapper.xcdatamodel; path = MaPreference.xcdatamodel; sourceTree = "<group>"; };
		F66EF55E1B1E2B3E005C972A /* Base */ = {isa = PBXFileReference; lastKnownFileType = file.storyboard; name = Base; path = Base.lproj/Main.storyboard; sourceTree = "<group>"; };
		F66EF5601B1E2B3E005C972A /* Images.xcassets */ = {isa = PBXFileReference; lastKnownFileType = folder.assetcatalog; path = Images.xcassets; sourceTree = "<group>"; };
		F66EF5631B1E2B3E005C972A /* Base */ = {isa = PBXFileReference; lastKnownFileType = file.xib; name = Base; path = Base.lproj/LaunchScreen.xib; sourceTree = "<group>"; };
		F66EF5691B1E2B3E005C972A /* MaPreferenceTests.xctest */ = {isa = PBXFileReference; explicitFileType = wrapper.cfbundle; includeInIndex = 0; path = MaPreferenceTests.xctest; sourceTree = BUILT_PRODUCTS_DIR; };
		F66EF56E1B1E2B3E005C972A /* Info.plist */ = {isa = PBXFileReference; lastKnownFileType = text.plist.xml; path = Info.plist; sourceTree = "<group>"; };
		F66EF56F1B1E2B3E005C972A /* MaPreferenceTests.m */ = {isa = PBXFileReference; lastKnownFileType = sourcecode.c.objc; path = MaPreferenceTests.m; sourceTree = "<group>"; };
		F66EF5821B1E30F9005C972A /* LocationReviewCell.h */ = {isa = PBXFileReference; fileEncoding = 4; lastKnownFileType = sourcecode.c.h; path = LocationReviewCell.h; sourceTree = "<group>"; };
		F66EF5831B1E30F9005C972A /* LocationReviewCell.m */ = {isa = PBXFileReference; fileEncoding = 4; lastKnownFileType = sourcecode.c.objc; path = LocationReviewCell.m; sourceTree = "<group>"; };
		F66EF5851B1E3118005C972A /* LocationInfoCell.h */ = {isa = PBXFileReference; fileEncoding = 4; lastKnownFileType = sourcecode.c.h; path = LocationInfoCell.h; sourceTree = "<group>"; };
		F66EF5861B1E3118005C972A /* LocationInfoCell.m */ = {isa = PBXFileReference; fileEncoding = 4; lastKnownFileType = sourcecode.c.objc; path = LocationInfoCell.m; sourceTree = "<group>"; };
		F66EF5881B1E3136005C972A /* PinDetailController.h */ = {isa = PBXFileReference; fileEncoding = 4; lastKnownFileType = sourcecode.c.h; path = PinDetailController.h; sourceTree = "<group>"; };
		F66EF5891B1E3136005C972A /* PinDetailController.m */ = {isa = PBXFileReference; fileEncoding = 4; lastKnownFileType = sourcecode.c.objc; path = PinDetailController.m; sourceTree = "<group>"; };
		F66EF58D1B1EAF3B005C972A /* AddReviewController.h */ = {isa = PBXFileReference; fileEncoding = 4; lastKnownFileType = sourcecode.c.h; path = AddReviewController.h; sourceTree = "<group>"; };
		F66EF58E1B1EAF3B005C972A /* AddReviewController.m */ = {isa = PBXFileReference; fileEncoding = 4; lastKnownFileType = sourcecode.c.objc; path = AddReviewController.m; sourceTree = "<group>"; };
		F66EF5901B1EB9F4005C972A /* DataViewController.h */ = {isa = PBXFileReference; fileEncoding = 4; lastKnownFileType = sourcecode.c.h; path = DataViewController.h; sourceTree = "<group>"; };
		F66EF5911B1EB9F4005C972A /* DataViewController.m */ = {isa = PBXFileReference; fileEncoding = 4; lastKnownFileType = sourcecode.c.objc; path = DataViewController.m; sourceTree = "<group>"; };
		F66EF5931B1EBA2A005C972A /* ListViewCell.h */ = {isa = PBXFileReference; fileEncoding = 4; lastKnownFileType = sourcecode.c.h; path = ListViewCell.h; sourceTree = "<group>"; };
		F66EF5941B1EBA2A005C972A /* ListViewCell.m */ = {isa = PBXFileReference; fileEncoding = 4; lastKnownFileType = sourcecode.c.objc; path = ListViewCell.m; sourceTree = "<group>"; };
		F66EF5961B1EBAB4005C972A /* AddLocationController.h */ = {isa = PBXFileReference; fileEncoding = 4; lastKnownFileType = sourcecode.c.h; path = AddLocationController.h; sourceTree = "<group>"; };
		F66EF5971B1EBAB4005C972A /* AddLocationController.m */ = {isa = PBXFileReference; fileEncoding = 4; lastKnownFileType = sourcecode.c.objc; path = AddLocationController.m; sourceTree = "<group>"; };
		F66EF5A11B200561005C972A /* AddressBookUI.framework */ = {isa = PBXFileReference; lastKnownFileType = wrapper.framework; name = AddressBookUI.framework; path = System/Library/Frameworks/AddressBookUI.framework; sourceTree = SDKROOT; };
		F66EF5A31B200566005C972A /* AddressBook.framework */ = {isa = PBXFileReference; lastKnownFileType = wrapper.framework; name = AddressBook.framework; path = System/Library/Frameworks/AddressBook.framework; sourceTree = SDKROOT; };
		F66EF5A51B20056C005C972A /* MapKit.framework */ = {isa = PBXFileReference; lastKnownFileType = wrapper.framework; name = MapKit.framework; path = System/Library/Frameworks/MapKit.framework; sourceTree = SDKROOT; };
		F66EF5A71B200574005C972A /* CoreLocation.framework */ = {isa = PBXFileReference; lastKnownFileType = wrapper.framework; name = CoreLocation.framework; path = System/Library/Frameworks/CoreLocation.framework; sourceTree = SDKROOT; };
		F6E917911B21399D001CC404 /* Constants.h */ = {isa = PBXFileReference; fileEncoding = 4; lastKnownFileType = sourcecode.c.h; path = Constants.h; sourceTree = "<group>"; };
		F6E9179D1B225261001CC404 /* PinPFObject.h */ = {isa = PBXFileReference; fileEncoding = 4; lastKnownFileType = sourcecode.c.h; path = PinPFObject.h; sourceTree = "<group>"; };
		F6E9179E1B225261001CC404 /* PinPFObject.m */ = {isa = PBXFileReference; fileEncoding = 4; lastKnownFileType = sourcecode.c.objc; path = PinPFObject.m; sourceTree = "<group>"; };
		F6E9179F1B225261001CC404 /* Tasks.rtf */ = {isa = PBXFileReference; fileEncoding = 4; lastKnownFileType = text.rtf; name = Tasks.rtf; path = MaPreference/Tasks.rtf; sourceTree = "<group>"; };
		F6E917A71B22B1EB001CC404 /* PinReviewPFObject.h */ = {isa = PBXFileReference; fileEncoding = 4; lastKnownFileType = sourcecode.c.h; path = PinReviewPFObject.h; sourceTree = "<group>"; };
		F6E917A81B22B1EB001CC404 /* PinReviewPFObject.m */ = {isa = PBXFileReference; fileEncoding = 4; lastKnownFileType = sourcecode.c.objc; path = PinReviewPFObject.m; sourceTree = "<group>"; };
		F6E917AD1B242B74001CC404 /* PinAnnotation.h */ = {isa = PBXFileReference; fileEncoding = 4; lastKnownFileType = sourcecode.c.h; path = PinAnnotation.h; sourceTree = "<group>"; };
		F6E917AE1B242B74001CC404 /* PinAnnotation.m */ = {isa = PBXFileReference; fileEncoding = 4; lastKnownFileType = sourcecode.c.objc; path = PinAnnotation.m; sourceTree = "<group>"; };
/* End PBXFileReference section */

/* Begin PBXFrameworksBuildPhase section */
		F66EF54A1B1E2B3E005C972A /* Frameworks */ = {
			isa = PBXFrameworksBuildPhase;
			buildActionMask = 2147483647;
			files = (
				F66EF5A81B200574005C972A /* CoreLocation.framework in Frameworks */,
				F66EF5A61B20056C005C972A /* MapKit.framework in Frameworks */,
				F66EF5A41B200566005C972A /* AddressBook.framework in Frameworks */,
				F66EF5A21B200561005C972A /* AddressBookUI.framework in Frameworks */,
				290849D3C580106F4AE03B85 /* libPods.a in Frameworks */,
			);
			runOnlyForDeploymentPostprocessing = 0;
		};
		F66EF5661B1E2B3E005C972A /* Frameworks */ = {
			isa = PBXFrameworksBuildPhase;
			buildActionMask = 2147483647;
			files = (
			);
			runOnlyForDeploymentPostprocessing = 0;
		};
/* End PBXFrameworksBuildPhase section */

/* Begin PBXGroup section */
		8597108D40AB6454CE72A161 /* Pods */ = {
			isa = PBXGroup;
			children = (
				77C7D46DFAD296BDE503B808 /* Pods.debug.xcconfig */,
				90D1C1D9D98C3FE50CB020C2 /* Pods.release.xcconfig */,
			);
			name = Pods;
			sourceTree = "<group>";
		};
		A7B10F651B22EF3E00DD85EE /* Views */ = {
			isa = PBXGroup;
			children = (
				F6E917AD1B242B74001CC404 /* PinAnnotation.h */,
				F6E917AE1B242B74001CC404 /* PinAnnotation.m */,
			);
			name = Views;
			sourceTree = "<group>";
		};
		CBF2FBCD752BE0C6FDFBE426 /* Frameworks */ = {
			isa = PBXGroup;
			children = (
				F66EF5A71B200574005C972A /* CoreLocation.framework */,
				F66EF5A51B20056C005C972A /* MapKit.framework */,
				F66EF5A31B200566005C972A /* AddressBook.framework */,
				F66EF5A11B200561005C972A /* AddressBookUI.framework */,
				F0513993EE333F1EB827D4A1 /* libPods.a */,
			);
			name = Frameworks;
			sourceTree = "<group>";
		};
		F66EF5441B1E2B3E005C972A = {
			isa = PBXGroup;
			children = (
				F6E9179F1B225261001CC404 /* Tasks.rtf */,
				F66EF54F1B1E2B3E005C972A /* MaPreference */,
				F66EF56C1B1E2B3E005C972A /* MaPreferenceTests */,
				F66EF54E1B1E2B3E005C972A /* Products */,
				8597108D40AB6454CE72A161 /* Pods */,
				CBF2FBCD752BE0C6FDFBE426 /* Frameworks */,
			);
			sourceTree = "<group>";
		};
		F66EF54E1B1E2B3E005C972A /* Products */ = {
			isa = PBXGroup;
			children = (
				F66EF54D1B1E2B3E005C972A /* MaPreference.app */,
				F66EF5691B1E2B3E005C972A /* MaPreferenceTests.xctest */,
			);
			name = Products;
			sourceTree = "<group>";
		};
		F66EF54F1B1E2B3E005C972A /* MaPreference */ = {
			isa = PBXGroup;
			children = (
				A7B10F651B22EF3E00DD85EE /* Views */,
				F6E917831B20DEA9001CC404 /* Model */,
				F66EF58B1B1E313F005C972A /* Cells */,
				F66EF58C1B1E3158005C972A /* ViewControllers */,
				F66EF5541B1E2B3E005C972A /* AppDelegate.h */,
				F66EF5551B1E2B3E005C972A /* AppDelegate.m */,
				F66EF55D1B1E2B3E005C972A /* Main.storyboard */,
				F66EF5601B1E2B3E005C972A /* Images.xcassets */,
				F66EF5501B1E2B3E005C972A /* Supporting Files */,
			);
			path = MaPreference;
			sourceTree = "<group>";
		};
		F66EF5501B1E2B3E005C972A /* Supporting Files */ = {
			isa = PBXGroup;
			children = (
				F66EF5621B1E2B3E005C972A /* LaunchScreen.xib */,
				F66EF5571B1E2B3E005C972A /* MaPreference.xcdatamodeld */,
				F66EF5511B1E2B3E005C972A /* Info.plist */,
				F66EF5521B1E2B3E005C972A /* main.m */,
			);
			name = "Supporting Files";
			sourceTree = "<group>";
		};
		F66EF56C1B1E2B3E005C972A /* MaPreferenceTests */ = {
			isa = PBXGroup;
			children = (
				F66EF56F1B1E2B3E005C972A /* MaPreferenceTests.m */,
				F66EF56D1B1E2B3E005C972A /* Supporting Files */,
			);
			path = MaPreferenceTests;
			sourceTree = "<group>";
		};
		F66EF56D1B1E2B3E005C972A /* Supporting Files */ = {
			isa = PBXGroup;
			children = (
				F66EF56E1B1E2B3E005C972A /* Info.plist */,
			);
			name = "Supporting Files";
			sourceTree = "<group>";
		};
		F66EF58B1B1E313F005C972A /* Cells */ = {
			isa = PBXGroup;
			children = (
				F66EF5821B1E30F9005C972A /* LocationReviewCell.h */,
				F66EF5831B1E30F9005C972A /* LocationReviewCell.m */,
				F66EF5851B1E3118005C972A /* LocationInfoCell.h */,
				F66EF5861B1E3118005C972A /* LocationInfoCell.m */,
				F66EF5931B1EBA2A005C972A /* ListViewCell.h */,
				F66EF5941B1EBA2A005C972A /* ListViewCell.m */,
			);
			name = Cells;
			sourceTree = "<group>";
		};
		F66EF58C1B1E3158005C972A /* ViewControllers */ = {
			isa = PBXGroup;
			children = (
				F66EF5881B1E3136005C972A /* PinDetailController.h */,
				F66EF5891B1E3136005C972A /* PinDetailController.m */,
				F66EF58D1B1EAF3B005C972A /* AddReviewController.h */,
				F66EF58E1B1EAF3B005C972A /* AddReviewController.m */,
				F66EF5901B1EB9F4005C972A /* DataViewController.h */,
				F66EF5911B1EB9F4005C972A /* DataViewController.m */,
				F66EF5961B1EBAB4005C972A /* AddLocationController.h */,
				F66EF5971B1EBAB4005C972A /* AddLocationController.m */,
				A7A59D6E1B1F7BA000887065 /* LoginViewController.h */,
				A7A59D6F1B1F7BA000887065 /* LoginViewController.m */,
				A7A59D711B1F7BAC00887065 /* SignUpViewController.h */,
				A7A59D721B1F7BAC00887065 /* SignUpViewController.m */,
			);
			name = ViewControllers;
			sourceTree = "<group>";
		};
		F6E917831B20DEA9001CC404 /* Model */ = {
			isa = PBXGroup;
			children = (
				F6E917A71B22B1EB001CC404 /* PinReviewPFObject.h */,
				F6E917A81B22B1EB001CC404 /* PinReviewPFObject.m */,
				F6E9179D1B225261001CC404 /* PinPFObject.h */,
				F6E9179E1B225261001CC404 /* PinPFObject.m */,
				F6E917911B21399D001CC404 /* Constants.h */,
			);
			name = Model;
			sourceTree = "<group>";
		};
/* End PBXGroup section */

/* Begin PBXNativeTarget section */
		F66EF54C1B1E2B3E005C972A /* MaPreference */ = {
			isa = PBXNativeTarget;
			buildConfigurationList = F66EF5731B1E2B3E005C972A /* Build configuration list for PBXNativeTarget "MaPreference" */;
			buildPhases = (
				CC20B712F8043F8A198FC1DD /* Check Pods Manifest.lock */,
				F66EF5491B1E2B3E005C972A /* Sources */,
				F66EF54A1B1E2B3E005C972A /* Frameworks */,
				F66EF54B1B1E2B3E005C972A /* Resources */,
				DC6F24F5EAB977D9854837B0 /* Copy Pods Resources */,
			);
			buildRules = (
			);
			dependencies = (
			);
			name = MaPreference;
			productName = MaPreference;
			productReference = F66EF54D1B1E2B3E005C972A /* MaPreference.app */;
			productType = "com.apple.product-type.application";
		};
		F66EF5681B1E2B3E005C972A /* MaPreferenceTests */ = {
			isa = PBXNativeTarget;
			buildConfigurationList = F66EF5761B1E2B3E005C972A /* Build configuration list for PBXNativeTarget "MaPreferenceTests" */;
			buildPhases = (
				F66EF5651B1E2B3E005C972A /* Sources */,
				F66EF5661B1E2B3E005C972A /* Frameworks */,
				F66EF5671B1E2B3E005C972A /* Resources */,
			);
			buildRules = (
			);
			dependencies = (
				F66EF56B1B1E2B3E005C972A /* PBXTargetDependency */,
			);
			name = MaPreferenceTests;
			productName = MaPreferenceTests;
			productReference = F66EF5691B1E2B3E005C972A /* MaPreferenceTests.xctest */;
			productType = "com.apple.product-type.bundle.unit-test";
		};
/* End PBXNativeTarget section */

/* Begin PBXProject section */
		F66EF5451B1E2B3E005C972A /* Project object */ = {
			isa = PBXProject;
			attributes = {
				LastUpgradeCheck = 0630;
				ORGANIZATIONNAME = "Abegael Jackson";
				TargetAttributes = {
					F66EF54C1B1E2B3E005C972A = {
						CreatedOnToolsVersion = 6.3.2;
					};
					F66EF5681B1E2B3E005C972A = {
						CreatedOnToolsVersion = 6.3.2;
						TestTargetID = F66EF54C1B1E2B3E005C972A;
					};
				};
			};
			buildConfigurationList = F66EF5481B1E2B3E005C972A /* Build configuration list for PBXProject "MaPreference" */;
			compatibilityVersion = "Xcode 3.2";
			developmentRegion = English;
			hasScannedForEncodings = 0;
			knownRegions = (
				en,
				Base,
			);
			mainGroup = F66EF5441B1E2B3E005C972A;
			productRefGroup = F66EF54E1B1E2B3E005C972A /* Products */;
			projectDirPath = "";
			projectRoot = "";
			targets = (
				F66EF54C1B1E2B3E005C972A /* MaPreference */,
				F66EF5681B1E2B3E005C972A /* MaPreferenceTests */,
			);
		};
/* End PBXProject section */

/* Begin PBXResourcesBuildPhase section */
		F66EF54B1B1E2B3E005C972A /* Resources */ = {
			isa = PBXResourcesBuildPhase;
			buildActionMask = 2147483647;
			files = (
				F66EF55F1B1E2B3E005C972A /* Main.storyboard in Resources */,
				F6E917A11B225261001CC404 /* Tasks.rtf in Resources */,
				F66EF5641B1E2B3E005C972A /* LaunchScreen.xib in Resources */,
				F66EF5611B1E2B3E005C972A /* Images.xcassets in Resources */,
			);
			runOnlyForDeploymentPostprocessing = 0;
		};
		F66EF5671B1E2B3E005C972A /* Resources */ = {
			isa = PBXResourcesBuildPhase;
			buildActionMask = 2147483647;
			files = (
			);
			runOnlyForDeploymentPostprocessing = 0;
		};
/* End PBXResourcesBuildPhase section */

/* Begin PBXShellScriptBuildPhase section */
		CC20B712F8043F8A198FC1DD /* Check Pods Manifest.lock */ = {
			isa = PBXShellScriptBuildPhase;
			buildActionMask = 2147483647;
			files = (
			);
			inputPaths = (
			);
			name = "Check Pods Manifest.lock";
			outputPaths = (
			);
			runOnlyForDeploymentPostprocessing = 0;
			shellPath = /bin/sh;
			shellScript = "diff \"${PODS_ROOT}/../Podfile.lock\" \"${PODS_ROOT}/Manifest.lock\" > /dev/null\nif [[ $? != 0 ]] ; then\n    cat << EOM\nerror: The sandbox is not in sync with the Podfile.lock. Run 'pod install' or update your CocoaPods installation.\nEOM\n    exit 1\nfi\n";
			showEnvVarsInLog = 0;
		};
		DC6F24F5EAB977D9854837B0 /* Copy Pods Resources */ = {
			isa = PBXShellScriptBuildPhase;
			buildActionMask = 2147483647;
			files = (
			);
			inputPaths = (
			);
			name = "Copy Pods Resources";
			outputPaths = (
			);
			runOnlyForDeploymentPostprocessing = 0;
			shellPath = /bin/sh;
			shellScript = "\"${SRCROOT}/Pods/Target Support Files/Pods/Pods-resources.sh\"\n";
			showEnvVarsInLog = 0;
		};
/* End PBXShellScriptBuildPhase section */

/* Begin PBXSourcesBuildPhase section */
		F66EF5491B1E2B3E005C972A /* Sources */ = {
			isa = PBXSourcesBuildPhase;
			buildActionMask = 2147483647;
			files = (
				F6E917A91B22B1EB001CC404 /* PinReviewPFObject.m in Sources */,
				F66EF5981B1EBAB4005C972A /* AddLocationController.m in Sources */,
				F66EF5921B1EB9F4005C972A /* DataViewController.m in Sources */,
				A7A59D731B1F7BAC00887065 /* SignUpViewController.m in Sources */,
				F66EF5841B1E30F9005C972A /* LocationReviewCell.m in Sources */,
				F66EF5591B1E2B3E005C972A /* MaPreference.xcdatamodeld in Sources */,
				F66EF58A1B1E3136005C972A /* PinDetailController.m in Sources */,
				F66EF5951B1EBA2A005C972A /* ListViewCell.m in Sources */,
				F66EF5561B1E2B3E005C972A /* AppDelegate.m in Sources */,
				F66EF5871B1E3118005C972A /* LocationInfoCell.m in Sources */,
				F66EF5531B1E2B3E005C972A /* main.m in Sources */,
				F6E917AF1B242B74001CC404 /* PinAnnotation.m in Sources */,
				A7A59D701B1F7BA000887065 /* LoginViewController.m in Sources */,
				F66EF58F1B1EAF3B005C972A /* AddReviewController.m in Sources */,
				F6E917A01B225261001CC404 /* PinPFObject.m in Sources */,
			);
			runOnlyForDeploymentPostprocessing = 0;
		};
		F66EF5651B1E2B3E005C972A /* Sources */ = {
			isa = PBXSourcesBuildPhase;
			buildActionMask = 2147483647;
			files = (
				F66EF5701B1E2B3E005C972A /* MaPreferenceTests.m in Sources */,
			);
			runOnlyForDeploymentPostprocessing = 0;
		};
/* End PBXSourcesBuildPhase section */

/* Begin PBXTargetDependency section */
		F66EF56B1B1E2B3E005C972A /* PBXTargetDependency */ = {
			isa = PBXTargetDependency;
			target = F66EF54C1B1E2B3E005C972A /* MaPreference */;
			targetProxy = F66EF56A1B1E2B3E005C972A /* PBXContainerItemProxy */;
		};
/* End PBXTargetDependency section */

/* Begin PBXVariantGroup section */
		F66EF55D1B1E2B3E005C972A /* Main.storyboard */ = {
			isa = PBXVariantGroup;
			children = (
				F66EF55E1B1E2B3E005C972A /* Base */,
			);
			name = Main.storyboard;
			sourceTree = "<group>";
		};
		F66EF5621B1E2B3E005C972A /* LaunchScreen.xib */ = {
			isa = PBXVariantGroup;
			children = (
				F66EF5631B1E2B3E005C972A /* Base */,
			);
			name = LaunchScreen.xib;
			sourceTree = "<group>";
		};
/* End PBXVariantGroup section */

/* Begin XCBuildConfiguration section */
		F66EF5711B1E2B3E005C972A /* Debug */ = {
			isa = XCBuildConfiguration;
			buildSettings = {
				ALWAYS_SEARCH_USER_PATHS = NO;
				CLANG_CXX_LANGUAGE_STANDARD = "gnu++0x";
				CLANG_CXX_LIBRARY = "libc++";
				CLANG_ENABLE_MODULES = YES;
				CLANG_ENABLE_OBJC_ARC = YES;
				CLANG_WARN_BOOL_CONVERSION = YES;
				CLANG_WARN_CONSTANT_CONVERSION = YES;
				CLANG_WARN_DIRECT_OBJC_ISA_USAGE = YES_ERROR;
				CLANG_WARN_EMPTY_BODY = YES;
				CLANG_WARN_ENUM_CONVERSION = YES;
				CLANG_WARN_INT_CONVERSION = YES;
				CLANG_WARN_OBJC_ROOT_CLASS = YES_ERROR;
				CLANG_WARN_UNREACHABLE_CODE = YES;
				CLANG_WARN__DUPLICATE_METHOD_MATCH = YES;
				"CODE_SIGN_IDENTITY[sdk=iphoneos*]" = "iPhone Developer";
				COPY_PHASE_STRIP = NO;
				DEBUG_INFORMATION_FORMAT = "dwarf-with-dsym";
				ENABLE_STRICT_OBJC_MSGSEND = YES;
				GCC_C_LANGUAGE_STANDARD = gnu99;
				GCC_DYNAMIC_NO_PIC = NO;
				GCC_NO_COMMON_BLOCKS = YES;
				GCC_OPTIMIZATION_LEVEL = 0;
				GCC_PREPROCESSOR_DEFINITIONS = (
					"DEBUG=1",
					"$(inherited)",
				);
				GCC_SYMBOLS_PRIVATE_EXTERN = NO;
				GCC_WARN_64_TO_32_BIT_CONVERSION = YES;
				GCC_WARN_ABOUT_RETURN_TYPE = YES_ERROR;
				GCC_WARN_UNDECLARED_SELECTOR = YES;
				GCC_WARN_UNINITIALIZED_AUTOS = YES_AGGRESSIVE;
				GCC_WARN_UNUSED_FUNCTION = YES;
				GCC_WARN_UNUSED_VARIABLE = YES;
				IPHONEOS_DEPLOYMENT_TARGET = 8.3;
				MTL_ENABLE_DEBUG_INFO = YES;
				ONLY_ACTIVE_ARCH = YES;
				SDKROOT = iphoneos;
			};
			name = Debug;
		};
		F66EF5721B1E2B3E005C972A /* Release */ = {
			isa = XCBuildConfiguration;
			buildSettings = {
				ALWAYS_SEARCH_USER_PATHS = NO;
				CLANG_CXX_LANGUAGE_STANDARD = "gnu++0x";
				CLANG_CXX_LIBRARY = "libc++";
				CLANG_ENABLE_MODULES = YES;
				CLANG_ENABLE_OBJC_ARC = YES;
				CLANG_WARN_BOOL_CONVERSION = YES;
				CLANG_WARN_CONSTANT_CONVERSION = YES;
				CLANG_WARN_DIRECT_OBJC_ISA_USAGE = YES_ERROR;
				CLANG_WARN_EMPTY_BODY = YES;
				CLANG_WARN_ENUM_CONVERSION = YES;
				CLANG_WARN_INT_CONVERSION = YES;
				CLANG_WARN_OBJC_ROOT_CLASS = YES_ERROR;
				CLANG_WARN_UNREACHABLE_CODE = YES;
				CLANG_WARN__DUPLICATE_METHOD_MATCH = YES;
				"CODE_SIGN_IDENTITY[sdk=iphoneos*]" = "iPhone Developer";
				COPY_PHASE_STRIP = NO;
				DEBUG_INFORMATION_FORMAT = "dwarf-with-dsym";
				ENABLE_NS_ASSERTIONS = NO;
				ENABLE_STRICT_OBJC_MSGSEND = YES;
				GCC_C_LANGUAGE_STANDARD = gnu99;
				GCC_NO_COMMON_BLOCKS = YES;
				GCC_WARN_64_TO_32_BIT_CONVERSION = YES;
				GCC_WARN_ABOUT_RETURN_TYPE = YES_ERROR;
				GCC_WARN_UNDECLARED_SELECTOR = YES;
				GCC_WARN_UNINITIALIZED_AUTOS = YES_AGGRESSIVE;
				GCC_WARN_UNUSED_FUNCTION = YES;
				GCC_WARN_UNUSED_VARIABLE = YES;
				IPHONEOS_DEPLOYMENT_TARGET = 8.3;
				MTL_ENABLE_DEBUG_INFO = NO;
				SDKROOT = iphoneos;
				VALIDATE_PRODUCT = YES;
			};
			name = Release;
		};
		F66EF5741B1E2B3E005C972A /* Debug */ = {
			isa = XCBuildConfiguration;
			baseConfigurationReference = 77C7D46DFAD296BDE503B808 /* Pods.debug.xcconfig */;
			buildSettings = {
				ASSETCATALOG_COMPILER_APPICON_NAME = AppIcon;
				INFOPLIST_FILE = MaPreference/Info.plist;
				LD_RUNPATH_SEARCH_PATHS = "$(inherited) @executable_path/Frameworks";
				PRODUCT_NAME = "$(TARGET_NAME)";
			};
			name = Debug;
		};
		F66EF5751B1E2B3E005C972A /* Release */ = {
			isa = XCBuildConfiguration;
			baseConfigurationReference = 90D1C1D9D98C3FE50CB020C2 /* Pods.release.xcconfig */;
			buildSettings = {
				ASSETCATALOG_COMPILER_APPICON_NAME = AppIcon;
				INFOPLIST_FILE = MaPreference/Info.plist;
				LD_RUNPATH_SEARCH_PATHS = "$(inherited) @executable_path/Frameworks";
				PRODUCT_NAME = "$(TARGET_NAME)";
			};
			name = Release;
		};
		F66EF5771B1E2B3E005C972A /* Debug */ = {
			isa = XCBuildConfiguration;
			buildSettings = {
				BUNDLE_LOADER = "$(TEST_HOST)";
				FRAMEWORK_SEARCH_PATHS = (
					"$(SDKROOT)/Developer/Library/Frameworks",
					"$(inherited)",
				);
				GCC_PREPROCESSOR_DEFINITIONS = (
					"DEBUG=1",
					"$(inherited)",
				);
				INFOPLIST_FILE = MaPreferenceTests/Info.plist;
				LD_RUNPATH_SEARCH_PATHS = "$(inherited) @executable_path/Frameworks @loader_path/Frameworks";
				PRODUCT_NAME = "$(TARGET_NAME)";
				TEST_HOST = "$(BUILT_PRODUCTS_DIR)/MaPreference.app/MaPreference";
			};
			name = Debug;
		};
		F66EF5781B1E2B3E005C972A /* Release */ = {
			isa = XCBuildConfiguration;
			buildSettings = {
				BUNDLE_LOADER = "$(TEST_HOST)";
				FRAMEWORK_SEARCH_PATHS = (
					"$(SDKROOT)/Developer/Library/Frameworks",
					"$(inherited)",
				);
				INFOPLIST_FILE = MaPreferenceTests/Info.plist;
				LD_RUNPATH_SEARCH_PATHS = "$(inherited) @executable_path/Frameworks @loader_path/Frameworks";
				PRODUCT_NAME = "$(TARGET_NAME)";
				TEST_HOST = "$(BUILT_PRODUCTS_DIR)/MaPreference.app/MaPreference";
			};
			name = Release;
		};
/* End XCBuildConfiguration section */

/* Begin XCConfigurationList section */
		F66EF5481B1E2B3E005C972A /* Build configuration list for PBXProject "MaPreference" */ = {
			isa = XCConfigurationList;
			buildConfigurations = (
				F66EF5711B1E2B3E005C972A /* Debug */,
				F66EF5721B1E2B3E005C972A /* Release */,
			);
			defaultConfigurationIsVisible = 0;
			defaultConfigurationName = Release;
		};
		F66EF5731B1E2B3E005C972A /* Build configuration list for PBXNativeTarget "MaPreference" */ = {
			isa = XCConfigurationList;
			buildConfigurations = (
				F66EF5741B1E2B3E005C972A /* Debug */,
				F66EF5751B1E2B3E005C972A /* Release */,
			);
			defaultConfigurationIsVisible = 0;
			defaultConfigurationName = Release;
		};
		F66EF5761B1E2B3E005C972A /* Build configuration list for PBXNativeTarget "MaPreferenceTests" */ = {
			isa = XCConfigurationList;
			buildConfigurations = (
				F66EF5771B1E2B3E005C972A /* Debug */,
				F66EF5781B1E2B3E005C972A /* Release */,
			);
			defaultConfigurationIsVisible = 0;
			defaultConfigurationName = Release;
		};
/* End XCConfigurationList section */

/* Begin XCVersionGroup section */
		F66EF5571B1E2B3E005C972A /* MaPreference.xcdatamodeld */ = {
			isa = XCVersionGroup;
			children = (
				F66EF5581B1E2B3E005C972A /* MaPreference.xcdatamodel */,
			);
			currentVersion = F66EF5581B1E2B3E005C972A /* MaPreference.xcdatamodel */;
			path = MaPreference.xcdatamodeld;
			sourceTree = "<group>";
			versionGroupType = wrapper.xcdatamodel;
		};
/* End XCVersionGroup section */
	};
	rootObject = F66EF5451B1E2B3E005C972A /* Project object */;
}
